<?xml version="1.0" encoding="utf-8"?>
<Project ToolsVersion="4.0" xmlns="http://schemas.microsoft.com/developer/msbuild/2003">
  <ItemGroup>
    <Filter Include="Source Files">
      <UniqueIdentifier>{4FC737F1-C7A5-4376-A066-2A32D752A2FF}</UniqueIdentifier>
      <Extensions>cpp;c;cc;cxx;def;odl;idl;hpj;bat;asm;asmx</Extensions>
    </Filter>
    <Filter Include="Header Files">
      <UniqueIdentifier>{93995380-89BD-4b04-88EB-625FBE52EBFB}</UniqueIdentifier>
      <Extensions>h;hh;hpp;hxx;hm;inl;inc;ipp;xsd</Extensions>
    </Filter>
    <Filter Include="Resource Files">
      <UniqueIdentifier>{67DA6AB6-F800-4c08-8B7A-83BB121AAD01}</UniqueIdentifier>
      <Extensions>rc;ico;cur;bmp;dlg;rc2;rct;bin;rgs;gif;jpg;jpeg;jpe;resx;tiff;tif;png;wav;mfcribbon-ms</Extensions>
    </Filter>
    <Filter Include="Source Files\interop">
      <UniqueIdentifier>{b8bc01d3-0d5f-4e00-b7a5-573d5f94cdd7}</UniqueIdentifier>
    </Filter>
    <Filter Include="Source Files\interop\core">
      <UniqueIdentifier>{245293d2-76e1-4dc3-950c-c96d91d82e32}</UniqueIdentifier>
    </Filter>
    <Filter Include="Header Files\interop">
      <UniqueIdentifier>{9f3300f3-28a5-49a1-891c-8d184e6a8528}</UniqueIdentifier>
    </Filter>
    <Filter Include="Header Files\interop\core">
      <UniqueIdentifier>{e1e6ed45-1ac7-4d70-9574-2c4b74798613}</UniqueIdentifier>
    </Filter>
    <Filter Include="Header Files\interop\db">
      <UniqueIdentifier>{8e8eeee6-cc8e-4e84-9db1-50c98fa98652}</UniqueIdentifier>
    </Filter>
    <Filter Include="Source Files\interop\db">
      <UniqueIdentifier>{ee39d604-f35e-4850-8dc3-146a9bd0812b}</UniqueIdentifier>
    </Filter>
    <Filter Include="Header Files\interop\feature">
      <UniqueIdentifier>{408258cf-58b9-495a-ba5a-3f4e66bf5a7a}</UniqueIdentifier>
    </Filter>
    <Filter Include="Source Files\interop\feature">
      <UniqueIdentifier>{e48d3894-7ceb-4293-aa17-1764c0da51f6}</UniqueIdentifier>
    </Filter>
    <Filter Include="Header Files\interop\elevation">
      <UniqueIdentifier>{af3a6148-3e67-47f7-89fd-52b1e3454852}</UniqueIdentifier>
    </Filter>
    <Filter Include="Source Files\interop\elevation">
      <UniqueIdentifier>{d96a38b1-5f9f-4627-8f88-32a1f1d4a5c1}</UniqueIdentifier>
    </Filter>
    <Filter Include="Source Files\interop\java">
      <UniqueIdentifier>{c8fb1ccc-0fa7-469d-97c7-4704aaee9b67}</UniqueIdentifier>
    </Filter>
    <Filter Include="Source Files\interop\math">
      <UniqueIdentifier>{557537fe-2ded-49ff-b177-e4c8da9c493f}</UniqueIdentifier>
    </Filter>
    <Filter Include="Source Files\interop\model">
      <UniqueIdentifier>{0b715909-2c46-4ada-8e2f-1195bd8302ab}</UniqueIdentifier>
    </Filter>
    <Filter Include="Header Files\interop\java">
      <UniqueIdentifier>{32f5e51f-d499-484f-939b-9c853e8661ce}</UniqueIdentifier>
    </Filter>
    <Filter Include="Header Files\interop\math">
      <UniqueIdentifier>{6107cae4-de65-4695-9187-0d8656f5a732}</UniqueIdentifier>
    </Filter>
    <Filter Include="Header Files\interop\model">
      <UniqueIdentifier>{144fbc30-4b55-4e2b-8af3-00e6521dc732}</UniqueIdentifier>
    </Filter>
    <Filter Include="Header Files\interop\renderer">
      <UniqueIdentifier>{662b0902-220a-4de7-8548-c81d1c8f0ad3}</UniqueIdentifier>
    </Filter>
    <Filter Include="Header Files\interop\renderer\core">
      <UniqueIdentifier>{0fa79893-0db6-4654-8cab-df0210e91b10}</UniqueIdentifier>
    </Filter>
    <Filter Include="Source Files\interop\renderer">
      <UniqueIdentifier>{c959131a-e6f8-4946-a96b-46da8da5c725}</UniqueIdentifier>
    </Filter>
    <Filter Include="Source Files\interop\renderer\core">
      <UniqueIdentifier>{0eb6a7e3-091c-4dcc-80ca-c5f1f6ba10f6}</UniqueIdentifier>
    </Filter>
    <Filter Include="Source Files\c3dt">
      <UniqueIdentifier>{d3771f7b-b22d-4aa3-9d7a-080e8097a021}</UniqueIdentifier>
    </Filter>
  </ItemGroup>
  <ItemGroup>
    <ClCompile Include="..\..\..\..\..\..\..\..\ATAK\ATAKMapEngine\lib\src\main\cpp\atakjni.cpp">
      <Filter>Source Files</Filter>
    </ClCompile>
    <ClCompile Include="..\..\..\..\..\..\..\..\ATAK\ATAKMapEngine\lib\src\main\cpp\common.cpp">
      <Filter>Source Files</Filter>
    </ClCompile>
    <ClCompile Include="..\..\..\..\..\..\..\..\ATAK\ATAKMapEngine\lib\src\main\cpp\jattributeset.cpp">
      <Filter>Source Files</Filter>
    </ClCompile>
    <ClCompile Include="..\..\..\..\..\..\..\..\ATAK\ATAKMapEngine\lib\src\main\cpp\jconfigoptions.cpp">
      <Filter>Source Files</Filter>
    </ClCompile>
    <ClCompile Include="..\..\..\..\..\..\..\..\ATAK\ATAKMapEngine\lib\src\main\cpp\jdatabaseimpl.cpp">
      <Filter>Source Files</Filter>
    </ClCompile>
    <ClCompile Include="..\..\..\..\..\..\..\..\ATAK\ATAKMapEngine\lib\src\main\cpp\jdatatype.cpp">
      <Filter>Source Files</Filter>
    </ClCompile>
    <ClCompile Include="..\..\..\..\..\..\..\..\ATAK\ATAKMapEngine\lib\src\main\cpp\jegm96.cpp">
      <Filter>Source Files</Filter>
    </ClCompile>
    <ClCompile Include="..\..\..\..\..\..\..\..\ATAK\ATAKMapEngine\lib\src\main\cpp\jelevationmanager.cpp">
      <Filter>Source Files</Filter>
    </ClCompile>
    <ClCompile Include="..\..\..\..\..\..\..\..\ATAK\ATAKMapEngine\lib\src\main\cpp\jelevationsourcemanager.cpp">
      <Filter>Source Files</Filter>
    </ClCompile>
    <ClCompile Include="..\..\..\..\..\..\..\..\ATAK\ATAKMapEngine\lib\src\main\cpp\jfeature.cpp">
      <Filter>Source Files</Filter>
    </ClCompile>
    <ClCompile Include="..\..\..\..\..\..\..\..\ATAK\ATAKMapEngine\lib\src\main\cpp\jgdallibrary.cpp">
      <Filter>Source Files</Filter>
    </ClCompile>
    <ClCompile Include="..\..\..\..\..\..\..\..\ATAK\ATAKMapEngine\lib\src\main\cpp\jgeocalculations.cpp">
      <Filter>Source Files</Filter>
    </ClCompile>
    <ClCompile Include="..\..\..\..\..\..\..\..\ATAK\ATAKMapEngine\lib\src\main\cpp\jgeomagneticfield.cpp">
      <Filter>Source Files</Filter>
    </ClCompile>
    <ClCompile Include="..\..\..\..\..\..\..\..\ATAK\ATAKMapEngine\lib\src\main\cpp\jgeometry.cpp">
      <Filter>Source Files</Filter>
    </ClCompile>
    <ClCompile Include="..\..\..\..\..\..\..\..\ATAK\ATAKMapEngine\lib\src\main\cpp\jgllinebatch.cpp">
      <Filter>Source Files</Filter>
    </ClCompile>
    <ClCompile Include="..\..\..\..\..\..\..\..\ATAK\ATAKMapEngine\lib\src\main\cpp\jglninepatch.cpp">
      <Filter>Source Files</Filter>
    </ClCompile>
    <ClCompile Include="..\..\..\..\..\..\..\..\ATAK\ATAKMapEngine\lib\src\main\cpp\jglrenderbatch2.cpp">
      <Filter>Source Files</Filter>
    </ClCompile>
    <ClCompile Include="..\..\..\..\..\..\..\..\ATAK\ATAKMapEngine\lib\src\main\cpp\jmapprojectiondisplaymodel.cpp">
      <Filter>Source Files</Filter>
    </ClCompile>
    <ClCompile Include="..\..\..\..\..\..\..\..\ATAK\ATAKMapEngine\lib\src\main\cpp\jmapscenemodel.cpp">
      <Filter>Source Files</Filter>
    </ClCompile>
    <ClCompile Include="..\..\..\..\..\..\..\..\ATAK\ATAKMapEngine\lib\src\main\cpp\jmatrix.cpp">
      <Filter>Source Files</Filter>
    </ClCompile>
    <ClCompile Include="..\..\..\..\..\..\..\..\ATAK\ATAKMapEngine\lib\src\main\cpp\jmesh.cpp">
      <Filter>Source Files</Filter>
    </ClCompile>
    <ClCompile Include="..\..\..\..\..\..\..\..\ATAK\ATAKMapEngine\lib\src\main\cpp\jmodelbuilder.cpp">
      <Filter>Source Files</Filter>
    </ClCompile>
    <ClCompile Include="..\..\..\..\..\..\..\..\ATAK\ATAKMapEngine\lib\src\main\cpp\jmodels.cpp">
      <Filter>Source Files</Filter>
    </ClCompile>
    <ClCompile Include="..\..\..\..\..\..\..\..\ATAK\ATAKMapEngine\lib\src\main\cpp\jnativeelevationchunk.cpp">
      <Filter>Source Files</Filter>
    </ClCompile>
    <ClCompile Include="..\..\..\..\..\..\..\..\ATAK\ATAKMapEngine\lib\src\main\cpp\jnativeelevationsource.cpp">
      <Filter>Source Files</Filter>
    </ClCompile>
    <ClCompile Include="..\..\..\..\..\..\..\..\ATAK\ATAKMapEngine\lib\src\main\cpp\jnativeelevationsourcecursor.cpp">
      <Filter>Source Files</Filter>
    </ClCompile>
    <ClCompile Include="..\..\..\..\..\..\..\..\ATAK\ATAKMapEngine\lib\src\main\cpp\jnativefeaturecursor.cpp">
      <Filter>Source Files</Filter>
    </ClCompile>
    <ClCompile Include="..\..\..\..\..\..\..\..\ATAK\ATAKMapEngine\lib\src\main\cpp\jnativefeaturedatasource.cpp">
      <Filter>Source Files</Filter>
    </ClCompile>
    <ClCompile Include="..\..\..\..\..\..\..\..\ATAK\ATAKMapEngine\lib\src\main\cpp\jnativefeaturedatastore.cpp">
      <Filter>Source Files</Filter>
    </ClCompile>
    <ClCompile Include="..\..\..\..\..\..\..\..\ATAK\ATAKMapEngine\lib\src\main\cpp\jnativefeaturesetcursor.cpp">
      <Filter>Source Files</Filter>
    </ClCompile>
    <ClCompile Include="..\..\..\..\..\..\..\..\ATAK\ATAKMapEngine\lib\src\main\cpp\jnativefilecursor.cpp">
      <Filter>Source Files</Filter>
    </ClCompile>
    <ClCompile Include="..\..\..\..\..\..\..\..\ATAK\ATAKMapEngine\lib\src\main\cpp\jnativegeometrymodel.cpp">
      <Filter>Source Files</Filter>
    </ClCompile>
    <ClCompile Include="..\..\..\..\..\..\..\..\ATAK\ATAKMapEngine\lib\src\main\cpp\jnativemodel.cpp">
      <Filter>Source Files</Filter>
    </ClCompile>
    <ClCompile Include="..\..\..\..\..\..\..\..\ATAK\ATAKMapEngine\lib\src\main\cpp\jnativeprojection.cpp">
      <Filter>Source Files</Filter>
    </ClCompile>
    <ClCompile Include="..\..\..\..\..\..\..\..\ATAK\ATAKMapEngine\lib\src\main\cpp\josrutils.cpp">
      <Filter>Source Files</Filter>
    </ClCompile>
    <ClCompile Include="..\..\..\..\..\..\..\..\ATAK\ATAKMapEngine\lib\src\main\cpp\jpersistentdatasourcefeaturedatastore2.cpp">
      <Filter>Source Files</Filter>
    </ClCompile>
    <ClCompile Include="..\..\..\..\..\..\..\..\ATAK\ATAKMapEngine\lib\src\main\cpp\jpersistentrasterdatastore.cpp">
      <Filter>Source Files</Filter>
    </ClCompile>
    <ClCompile Include="..\..\..\..\..\..\..\..\ATAK\ATAKMapEngine\lib\src\main\cpp\jprojectionfactory.cpp">
      <Filter>Source Files</Filter>
    </ClCompile>
    <ClCompile Include="..\..\..\..\..\..\..\..\ATAK\ATAKMapEngine\lib\src\main\cpp\jqueryimpl.cpp">
      <Filter>Source Files</Filter>
    </ClCompile>
    <ClCompile Include="..\..\..\..\..\..\..\..\ATAK\ATAKMapEngine\lib\src\main\cpp\jstatementimpl.cpp">
      <Filter>Source Files</Filter>
    </ClCompile>
    <ClCompile Include="..\..\..\..\..\..\..\..\ATAK\ATAKMapEngine\lib\src\main\cpp\jstyle.cpp">
      <Filter>Source Files</Filter>
    </ClCompile>
    <ClCompile Include="..\..\..\..\..\..\..\..\ATAK\ATAKMapEngine\lib\src\main\cpp\jtessellate.cpp">
      <Filter>Source Files</Filter>
    </ClCompile>
    <ClCompile Include="..\..\..\..\..\..\..\..\ATAK\ATAKMapEngine\lib\src\main\cpp\junsafe.cpp">
      <Filter>Source Files</Filter>
    </ClCompile>
    <ClCompile Include="..\..\..\..\..\..\..\..\ATAK\ATAKMapEngine\lib\src\main\cpp\jvertexdatalayout.cpp">
      <Filter>Source Files</Filter>
    </ClCompile>
    <ClCompile Include="..\..\..\..\..\..\..\..\ATAK\ATAKMapEngine\lib\src\main\cpp\ManagedModel.cpp">
      <Filter>Source Files</Filter>
    </ClCompile>
    <ClCompile Include="..\..\..\..\..\..\..\..\ATAK\ATAKMapEngine\lib\src\main\cpp\interop\JNIByteArray.cpp">
      <Filter>Source Files\interop</Filter>
    </ClCompile>
    <ClCompile Include="..\..\..\..\..\..\..\..\ATAK\ATAKMapEngine\lib\src\main\cpp\interop\JNIDoubleArray.cpp">
      <Filter>Source Files\interop</Filter>
    </ClCompile>
    <ClCompile Include="..\..\..\..\..\..\..\..\ATAK\ATAKMapEngine\lib\src\main\cpp\interop\JNIFloatArray.cpp">
      <Filter>Source Files\interop</Filter>
    </ClCompile>
    <ClCompile Include="..\..\..\..\..\..\..\..\ATAK\ATAKMapEngine\lib\src\main\cpp\interop\JNIIntArray.cpp">
      <Filter>Source Files\interop</Filter>
    </ClCompile>
    <ClCompile Include="..\..\..\..\..\..\..\..\ATAK\ATAKMapEngine\lib\src\main\cpp\interop\JNILongArray.cpp">
      <Filter>Source Files\interop</Filter>
    </ClCompile>
    <ClCompile Include="..\..\..\..\..\..\..\..\ATAK\ATAKMapEngine\lib\src\main\cpp\interop\JNINotifyCallback.cpp">
      <Filter>Source Files\interop</Filter>
    </ClCompile>
    <ClCompile Include="..\..\..\..\..\..\..\..\ATAK\ATAKMapEngine\lib\src\main\cpp\interop\JNIStringUTF.cpp">
      <Filter>Source Files\interop</Filter>
    </ClCompile>
    <ClCompile Include="..\..\..\..\..\..\..\..\ATAK\ATAKMapEngine\lib\src\main\cpp\interop\Pointer.cpp">
      <Filter>Source Files\interop</Filter>
    </ClCompile>
    <ClCompile Include="..\..\..\..\..\..\..\..\ATAK\ATAKMapEngine\lib\src\main\cpp\interop\core\Interop.cpp">
      <Filter>Source Files\interop\core</Filter>
    </ClCompile>
    <ClCompile Include="..\..\..\..\..\..\..\..\ATAK\ATAKMapEngine\lib\src\main\cpp\interop\core\ManagedProjection.cpp">
      <Filter>Source Files\interop\core</Filter>
    </ClCompile>
    <ClCompile Include="..\..\..\..\..\..\..\..\ATAK\ATAKMapEngine\lib\src\main\cpp\interop\db\Interop.cpp">
      <Filter>Source Files\interop\db</Filter>
    </ClCompile>
    <ClCompile Include="..\..\..\..\..\..\..\..\ATAK\ATAKMapEngine\lib\src\main\cpp\interop\feature\Interop.cpp">
      <Filter>Source Files\interop\feature</Filter>
    </ClCompile>
    <ClCompile Include="..\..\..\..\..\..\..\..\ATAK\ATAKMapEngine\lib\src\main\cpp\interop\feature\ManagedFeatureDataSource2.cpp">
      <Filter>Source Files\interop\feature</Filter>
    </ClCompile>
    <ClCompile Include="..\..\..\..\..\..\..\..\ATAK\ATAKMapEngine\lib\src\main\cpp\interop\elevation\Interop.cpp">
      <Filter>Source Files\interop\elevation</Filter>
    </ClCompile>
    <ClCompile Include="..\..\..\..\..\..\..\..\ATAK\ATAKMapEngine\lib\src\main\cpp\interop\elevation\ManagedElevationChunk.cpp">
      <Filter>Source Files\interop\elevation</Filter>
    </ClCompile>
    <ClCompile Include="..\..\..\..\..\..\..\..\ATAK\ATAKMapEngine\lib\src\main\cpp\interop\elevation\ManagedElevationSource.cpp">
      <Filter>Source Files\interop\elevation</Filter>
    </ClCompile>
    <ClCompile Include="..\..\..\..\..\..\..\..\ATAK\ATAKMapEngine\lib\src\main\cpp\interop\java\JNIPrimitive.cpp">
      <Filter>Source Files\interop\java</Filter>
    </ClCompile>
    <ClCompile Include="..\..\..\..\..\..\..\..\ATAK\ATAKMapEngine\lib\src\main\cpp\interop\java\JNICollection.cpp">
      <Filter>Source Files\interop\java</Filter>
    </ClCompile>
    <ClCompile Include="..\..\..\..\..\..\..\..\ATAK\ATAKMapEngine\lib\src\main\cpp\interop\java\JNILocalRef.cpp">
      <Filter>Source Files\interop\java</Filter>
    </ClCompile>
    <ClCompile Include="..\..\..\..\..\..\..\..\ATAK\ATAKMapEngine\lib\src\main\cpp\interop\math\ManagedGeometryModel.cpp">
      <Filter>Source Files\interop\math</Filter>
    </ClCompile>
    <ClCompile Include="..\..\..\..\..\..\..\..\ATAK\ATAKMapEngine\lib\src\main\cpp\interop\math\Interop.cpp">
      <Filter>Source Files\interop\math</Filter>
    </ClCompile>
    <ClCompile Include="..\..\..\..\..\..\..\..\ATAK\ATAKMapEngine\lib\src\main\cpp\interop\model\Interop.cpp">
      <Filter>Source Files\interop\model</Filter>
    </ClCompile>
    <ClCompile Include="..\..\..\..\..\..\..\..\ATAK\ATAKMapEngine\lib\src\main\cpp\interop\core\ManagedLayer.cpp">
      <Filter>Source Files\interop\core</Filter>
    </ClCompile>
    <ClCompile Include="..\..\..\..\..\..\..\..\ATAK\ATAKMapEngine\lib\src\main\cpp\interop\core\ManagedRenderContext.cpp">
      <Filter>Source Files\interop\core</Filter>
    </ClCompile>
    <ClCompile Include="..\..\..\..\..\..\..\..\ATAK\ATAKMapEngine\lib\src\main\cpp\interop\core\ManagedVisibilityListener.cpp">
      <Filter>Source Files\interop\core</Filter>
    </ClCompile>
    <ClCompile Include="..\..\..\..\..\..\..\..\ATAK\ATAKMapEngine\lib\src\main\cpp\interop\java\JNIPair.cpp">
      <Filter>Source Files\interop\java</Filter>
    </ClCompile>
    <ClCompile Include="..\..\..\..\..\..\..\..\ATAK\ATAKMapEngine\lib\src\main\cpp\interop\java\JNIRunnable.cpp">
      <Filter>Source Files\interop\java</Filter>
    </ClCompile>
    <ClCompile Include="..\..\..\..\..\..\..\..\ATAK\ATAKMapEngine\lib\src\main\cpp\interop\renderer\core\Interop.cpp">
      <Filter>Source Files\interop\renderer\core</Filter>
    </ClCompile>
    <ClCompile Include="..\..\..\..\..\..\..\..\ATAK\ATAKMapEngine\lib\src\main\cpp\interop\renderer\core\ManagedGLLayer2.cpp">
      <Filter>Source Files\interop\renderer\core</Filter>
    </ClCompile>
    <ClCompile Include="..\..\..\..\..\..\..\..\ATAK\ATAKMapEngine\lib\src\main\cpp\interop\renderer\core\ManagedGLLayerSpi2.cpp">
      <Filter>Source Files\interop\renderer\core</Filter>
    </ClCompile>
    <ClCompile Include="..\..\..\..\..\..\..\..\ATAK\ATAKMapEngine\lib\src\main\cpp\interop\renderer\core\ManagedGLMapRenderable2.cpp">
      <Filter>Source Files\interop\renderer\core</Filter>
    </ClCompile>
    <ClCompile Include="..\..\..\..\..\..\..\..\ATAK\ATAKMapEngine\lib\src\main\cpp\jdrginfo.cpp">
      <Filter>Source Files</Filter>
    </ClCompile>
    <ClCompile Include="..\..\..\..\..\..\..\..\ATAK\ATAKMapEngine\lib\src\main\cpp\jelmgrterrainrenderservice.cpp">
      <Filter>Source Files</Filter>
    </ClCompile>
    <ClCompile Include="..\..\..\..\..\..\..\..\ATAK\ATAKMapEngine\lib\src\main\cpp\jgeometryfactory.cpp">
      <Filter>Source Files</Filter>
    </ClCompile>
    <ClCompile Include="..\..\..\..\..\..\..\..\ATAK\ATAKMapEngine\lib\src\main\cpp\jgllayerfactory.cpp">
      <Filter>Source Files</Filter>
    </ClCompile>
    <ClCompile Include="..\..\..\..\..\..\..\..\ATAK\ATAKMapEngine\lib\src\main\cpp\jglmapview.cpp">
      <Filter>Source Files</Filter>
    </ClCompile>
    <ClCompile Include="..\..\..\..\..\..\..\..\ATAK\ATAKMapEngine\lib\src\main\cpp\jglobe.cpp">
      <Filter>Source Files</Filter>
    </ClCompile>
    <ClCompile Include="..\..\..\..\..\..\..\..\ATAK\ATAKMapEngine\lib\src\main\cpp\jglquadtilenode2.cpp">
      <Filter>Source Files</Filter>
    </ClCompile>
    <ClCompile Include="..\..\..\..\..\..\..\..\ATAK\ATAKMapEngine\lib\src\main\cpp\jnativegllayer3.cpp">
      <Filter>Source Files</Filter>
    </ClCompile>
    <ClCompile Include="..\..\..\..\..\..\..\..\ATAK\ATAKMapEngine\lib\src\main\cpp\jnativegllayerspi2.cpp">
      <Filter>Source Files</Filter>
    </ClCompile>
    <ClCompile Include="..\..\..\..\..\..\..\..\ATAK\ATAKMapEngine\lib\src\main\cpp\jnativeglmaprenderable2.cpp">
      <Filter>Source Files</Filter>
    </ClCompile>
    <ClCompile Include="..\..\..\..\..\..\..\..\ATAK\ATAKMapEngine\lib\src\main\cpp\jnativelayer.cpp">
      <Filter>Source Files</Filter>
    </ClCompile>
    <ClCompile Include="..\..\..\..\..\..\..\..\ATAK\ATAKMapEngine\lib\src\main\cpp\jnativerunnable.cpp">
      <Filter>Source Files</Filter>
    </ClCompile>
    <ClCompile Include="..\..\..\..\..\..\..\..\ATAK\ATAKMapEngine\lib\src\main\cpp\jrendercontextinterop.cpp">
      <Filter>Source Files</Filter>
    </ClCompile>
    <ClCompile Include="..\..\..\..\..\..\..\..\ATAK\ATAKMapEngine\lib\src\main\cpp\jskirt.cpp">
      <Filter>Source Files</Filter>
    </ClCompile>
    <ClCompile Include="..\..\..\..\..\..\..\..\ATAK\ATAKMapEngine\lib\src\main\cpp\c3dt\GLTF.cpp">
      <Filter>Source Files\c3dt</Filter>
    </ClCompile>
    <ClCompile Include="..\..\..\..\..\..\..\..\ATAK\ATAKMapEngine\lib\src\main\cpp\c3dt\GLTFRenderer.cpp">
      <Filter>Source Files\c3dt</Filter>
    </ClCompile>
    <ClCompile Include="..\..\..\..\..\..\..\..\ATAK\ATAKMapEngine\lib\src\main\cpp\c3dt\GLTFRenderer_v1.cpp">
      <Filter>Source Files\c3dt</Filter>
    </ClCompile>
    <ClCompile Include="..\..\..\..\..\..\..\..\ATAK\ATAKMapEngine\lib\src\main\cpp\c3dt\GLTFRenderer_v2.cpp">
      <Filter>Source Files\c3dt</Filter>
    </ClCompile>
    <ClCompile Include="..\..\..\..\..\..\..\..\ATAK\ATAKMapEngine\lib\src\main\cpp\c3dt\GLTFv1.cpp">
      <Filter>Source Files\c3dt</Filter>
    </ClCompile>
    <ClCompile Include="..\..\..\..\..\..\..\..\ATAK\ATAKMapEngine\lib\src\main\cpp\c3dt\GLTFv2.cpp">
      <Filter>Source Files\c3dt</Filter>
    </ClCompile>
    <ClCompile Include="..\..\..\..\..\..\..\..\ATAK\ATAKMapEngine\lib\src\main\cpp\c3dt\jgltf.cpp">
      <Filter>Source Files\c3dt</Filter>
    </ClCompile>
    <ClCompile Include="..\..\..\..\..\..\..\..\ATAK\ATAKMapEngine\lib\src\main\cpp\c3dt\shaders.cpp">
      <Filter>Source Files\c3dt</Filter>
    </ClCompile>
    <ClCompile Include="..\..\..\..\..\..\..\..\ATAK\ATAKMapEngine\lib\src\main\cpp\c3dt\tiny_gltf.cpp">
      <Filter>Source Files\c3dt</Filter>
    </ClCompile>
    <ClCompile Include="..\..\..\..\..\..\..\..\ATAK\ATAKMapEngine\lib\src\main\cpp\c3dt\tiny_gltf_loader.cpp">
      <Filter>Source Files\c3dt</Filter>
    </ClCompile>
    <ClCompile Include="..\..\..\..\..\..\..\..\ATAK\ATAKMapEngine\lib\src\main\cpp\jgltext.cpp">
      <Filter>Source Files</Filter>
    </ClCompile>
    <ClCompile Include="..\..\..\..\..\..\..\..\ATAK\ATAKMapEngine\lib\src\main\cpp\interop\renderer\ManagedTextFormat2.cpp">
      <Filter>Source Files\interop\renderer</Filter>
    </ClCompile>
    <ClCompile Include="..\..\..\..\..\..\..\..\ATAK\ATAKMapEngine\lib\src\main\cpp\interop\java\JNIEnum.cpp">
      <Filter>Source Files\interop\java</Filter>
    </ClCompile>
  </ItemGroup>
  <ItemGroup>
    <ClInclude Include="..\..\..\..\..\..\..\..\ATAK\ATAKMapEngine\lib\src\main\cpp\interop\core\Interop.h">
      <Filter>Header Files\interop\core</Filter>
    </ClInclude>
    <ClInclude Include="..\..\..\..\..\..\..\..\ATAK\ATAKMapEngine\lib\src\main\cpp\interop\core\ManagedLayer.h">
      <Filter>Header Files\interop\core</Filter>
    </ClInclude>
    <ClInclude Include="..\..\..\..\..\..\..\..\ATAK\ATAKMapEngine\lib\src\main\cpp\interop\core\ManagedProjection.h">
      <Filter>Header Files\interop\core</Filter>
    </ClInclude>
    <ClInclude Include="..\..\..\..\..\..\..\..\ATAK\ATAKMapEngine\lib\src\main\cpp\interop\core\ManagedVisibilityListener.h">
      <Filter>Header Files\interop\core</Filter>
    </ClInclude>
    <ClInclude Include="..\..\..\..\..\..\..\..\ATAK\ATAKMapEngine\lib\src\main\cpp\interop\db\Interop.h">
      <Filter>Header Files\interop\db</Filter>
    </ClInclude>
    <ClInclude Include="..\..\..\..\..\..\..\..\ATAK\ATAKMapEngine\lib\src\main\cpp\interop\feature\Interop.h">
      <Filter>Header Files\interop\feature</Filter>
    </ClInclude>
    <ClInclude Include="..\..\..\..\..\..\..\..\ATAK\ATAKMapEngine\lib\src\main\cpp\interop\feature\ManagedFeatureDataSource2.h">
      <Filter>Header Files\interop\feature</Filter>
    </ClInclude>
    <ClInclude Include="..\..\..\..\..\..\..\..\ATAK\ATAKMapEngine\lib\src\main\cpp\interop\elevation\Interop.h">
      <Filter>Header Files\interop\elevation</Filter>
    </ClInclude>
    <ClInclude Include="..\..\..\..\..\..\..\..\ATAK\ATAKMapEngine\lib\src\main\cpp\interop\elevation\ManagedElevationChunk.h">
      <Filter>Header Files\interop\elevation</Filter>
    </ClInclude>
    <ClInclude Include="..\..\..\..\..\..\..\..\ATAK\ATAKMapEngine\lib\src\main\cpp\interop\elevation\ManagedElevationSource.h">
      <Filter>Header Files\interop\elevation</Filter>
    </ClInclude>
    <ClInclude Include="..\..\..\..\..\..\..\..\ATAK\ATAKMapEngine\lib\src\main\cpp\interop\java\JNILocalRef.h">
      <Filter>Header Files\interop\java</Filter>
    </ClInclude>
    <ClInclude Include="..\..\..\..\..\..\..\..\ATAK\ATAKMapEngine\lib\src\main\cpp\interop\java\JNIPair.h">
      <Filter>Header Files\interop\java</Filter>
    </ClInclude>
    <ClInclude Include="..\..\..\..\..\..\..\..\ATAK\ATAKMapEngine\lib\src\main\cpp\interop\java\JNIPrimitive.h">
      <Filter>Header Files\interop\java</Filter>
    </ClInclude>
    <ClInclude Include="..\..\..\..\..\..\..\..\ATAK\ATAKMapEngine\lib\src\main\cpp\interop\java\JNIRunnable.h">
      <Filter>Header Files\interop\java</Filter>
    </ClInclude>
    <ClInclude Include="..\..\..\..\..\..\..\..\ATAK\ATAKMapEngine\lib\src\main\cpp\interop\java\JNICollection.h">
      <Filter>Header Files\interop\java</Filter>
    </ClInclude>
    <ClInclude Include="..\..\..\..\..\..\..\..\ATAK\ATAKMapEngine\lib\src\main\cpp\interop\math\ManagedGeometryModel.h">
      <Filter>Header Files\interop\math</Filter>
    </ClInclude>
    <ClInclude Include="..\..\..\..\..\..\..\..\ATAK\ATAKMapEngine\lib\src\main\cpp\interop\math\Interop.h">
      <Filter>Header Files\interop\math</Filter>
    </ClInclude>
    <ClInclude Include="..\..\..\..\..\..\..\..\ATAK\ATAKMapEngine\lib\src\main\cpp\interop\model\Interop.h">
      <Filter>Header Files\interop\model</Filter>
    </ClInclude>
    <ClInclude Include="..\..\..\..\..\..\..\..\ATAK\ATAKMapEngine\lib\src\main\cpp\interop\renderer\ManagedRenderContext.h">
      <Filter>Header Files\interop\renderer</Filter>
    </ClInclude>
    <ClInclude Include="..\..\..\..\..\..\..\..\ATAK\ATAKMapEngine\lib\src\main\cpp\interop\renderer\core\ManagedGLLayerSpi2.h">
      <Filter>Header Files\interop\renderer\core</Filter>
    </ClInclude>
    <ClInclude Include="..\..\..\..\..\..\..\..\ATAK\ATAKMapEngine\lib\src\main\cpp\interop\renderer\core\Interop.h">
      <Filter>Header Files\interop\renderer\core</Filter>
    </ClInclude>
    <ClInclude Include="..\..\..\..\..\..\..\..\ATAK\ATAKMapEngine\lib\src\main\cpp\interop\renderer\core\ManagedGLLayer2.h">
      <Filter>Header Files\interop\renderer\core</Filter>
    </ClInclude>
    <ClInclude Include="..\..\..\..\..\..\..\..\ATAK\ATAKMapEngine\lib\src\main\cpp\interop\InterfaceMarshalContext.h">
      <Filter>Header Files\interop</Filter>
    </ClInclude>
    <ClInclude Include="..\..\..\..\..\..\..\..\ATAK\ATAKMapEngine\lib\src\main\cpp\interop\JNIByteArray.h">
      <Filter>Header Files\interop</Filter>
    </ClInclude>
    <ClInclude Include="..\..\..\..\..\..\..\..\ATAK\ATAKMapEngine\lib\src\main\cpp\interop\JNIDoubleArray.h">
      <Filter>Header Files\interop</Filter>
    </ClInclude>
    <ClInclude Include="..\..\..\..\..\..\..\..\ATAK\ATAKMapEngine\lib\src\main\cpp\interop\JNIFloatArray.h">
      <Filter>Header Files\interop</Filter>
    </ClInclude>
    <ClInclude Include="..\..\..\..\..\..\..\..\ATAK\ATAKMapEngine\lib\src\main\cpp\interop\JNIIntArray.h">
      <Filter>Header Files\interop</Filter>
    </ClInclude>
    <ClInclude Include="..\..\..\..\..\..\..\..\ATAK\ATAKMapEngine\lib\src\main\cpp\interop\JNILongArray.h">
      <Filter>Header Files\interop</Filter>
    </ClInclude>
    <ClInclude Include="..\..\..\..\..\..\..\..\ATAK\ATAKMapEngine\lib\src\main\cpp\interop\JNINotifyCallback.h">
      <Filter>Header Files\interop</Filter>
    </ClInclude>
    <ClInclude Include="..\..\..\..\..\..\..\..\ATAK\ATAKMapEngine\lib\src\main\cpp\interop\JNIPrimitiveArray.h">
      <Filter>Header Files\interop</Filter>
    </ClInclude>
    <ClInclude Include="..\..\..\..\..\..\..\..\ATAK\ATAKMapEngine\lib\src\main\cpp\interop\JNIStringUTF.h">
      <Filter>Header Files\interop</Filter>
    </ClInclude>
    <ClInclude Include="..\..\..\..\..\..\..\..\ATAK\ATAKMapEngine\lib\src\main\cpp\interop\Pointer.h">
      <Filter>Header Files\interop</Filter>
    </ClInclude>
    <ClInclude Include="..\..\..\..\..\..\..\..\ATAK\ATAKMapEngine\lib\src\main\cpp\common.h">
      <Filter>Header Files</Filter>
    </ClInclude>
    <ClInclude Include="..\..\..\..\..\..\..\..\ATAK\ATAKMapEngine\lib\src\main\cpp\interop\ImplementationMarshalContext.h">
      <Filter>Header Files\interop</Filter>
    </ClInclude>
  </ItemGroup>
</Project>