
Microsoft Visual Studio Solution File, Format Version 12.00
# Visual Studio Version 16
VisualStudioVersion = 16.0.30503.244
MinimumVisualStudioVersion = 10.0.40219.1
Project("{8BC9CEB8-8B4A-11D0-8D11-00A0C91BC942}") = "takenginejni", "takenginejni.vcxproj", "{569DE0A6-A114-4937-AF4D-18664F7CE160}"
	ProjectSection(ProjectDependencies) = postProject
		{C75405B7-D03D-4070-8C75-F23CA2B4FDFE} = {C75405B7-D03D-4070-8C75-F23CA2B4FDFE}
		{819E8AD9-680A-457B-B8F3-3E05FFEC1766} = {819E8AD9-680A-457B-B8F3-3E05FFEC1766}
	EndProjectSection
EndProject
Project("{8BC9CEB8-8B4A-11D0-8D11-00A0C91BC942}") = "takengine", "..\..\..\..\..\..\cpp-cli\build\takengine\takengine.vcxproj", "{C75405B7-D03D-4070-8C75-F23CA2B4FDFE}"
EndProject
Project("{8BC9CEB8-8B4A-11D0-8D11-00A0C91BC942}") = "GLESv2-JOGL", "..\..\..\..\..\..\gl\jogl-c\vc\GLESv2-JOGL.vcxproj", "{819E8AD9-680A-457B-B8F3-3E05FFEC1766}"
EndProject
Project("{8BC9CEB8-8B4A-11D0-8D11-00A0C91BC942}") = "GLESv2-stub", "..\..\..\..\..\..\gl\stub\vc\GLESv2-stub.vcxproj", "{5C60C362-6BA9-433A-8DDC-26374AE25AA8}"
EndProject
Global
	GlobalSection(SolutionConfigurationPlatforms) = preSolution
		Debug|x64 = Debug|x64
		Debug|x86 = Debug|x86
		Release|x64 = Release|x64
		Release|x86 = Release|x86
	EndGlobalSection
	GlobalSection(ProjectConfigurationPlatforms) = postSolution
		{569DE0A6-A114-4937-AF4D-18664F7CE160}.Debug|x64.ActiveCfg = Debug|x64
		{569DE0A6-A114-4937-AF4D-18664F7CE160}.Debug|x64.Build.0 = Debug|x64
		{569DE0A6-A114-4937-AF4D-18664F7CE160}.Debug|x86.ActiveCfg = Debug|x64
		{569DE0A6-A114-4937-AF4D-18664F7CE160}.Release|x64.ActiveCfg = Release|x64
		{569DE0A6-A114-4937-AF4D-18664F7CE160}.Release|x64.Build.0 = Release|x64
		{569DE0A6-A114-4937-AF4D-18664F7CE160}.Release|x86.ActiveCfg = Release|x64
		{C75405B7-D03D-4070-8C75-F23CA2B4FDFE}.Debug|x64.ActiveCfg = Debug|x64
		{C75405B7-D03D-4070-8C75-F23CA2B4FDFE}.Debug|x64.Build.0 = Debug|x64
		{C75405B7-D03D-4070-8C75-F23CA2B4FDFE}.Debug|x86.ActiveCfg = Debug|Win32
		{C75405B7-D03D-4070-8C75-F23CA2B4FDFE}.Debug|x86.Build.0 = Debug|Win32
		{C75405B7-D03D-4070-8C75-F23CA2B4FDFE}.Release|x64.ActiveCfg = Release|x64
		{C75405B7-D03D-4070-8C75-F23CA2B4FDFE}.Release|x64.Build.0 = Release|x64
		{C75405B7-D03D-4070-8C75-F23CA2B4FDFE}.Release|x86.ActiveCfg = Release|Win32
		{C75405B7-D03D-4070-8C75-F23CA2B4FDFE}.Release|x86.Build.0 = Release|Win32
		{819E8AD9-680A-457B-B8F3-3E05FFEC1766}.Debug|x64.ActiveCfg = Debug|x64
		{819E8AD9-680A-457B-B8F3-3E05FFEC1766}.Debug|x64.Build.0 = Debug|x64
		{819E8AD9-680A-457B-B8F3-3E05FFEC1766}.Debug|x86.ActiveCfg = Debug|Win32
		{819E8AD9-680A-457B-B8F3-3E05FFEC1766}.Debug|x86.Build.0 = Debug|Win32
		{819E8AD9-680A-457B-B8F3-3E05FFEC1766}.Release|x64.ActiveCfg = Release|x64
		{819E8AD9-680A-457B-B8F3-3E05FFEC1766}.Release|x64.Build.0 = Release|x64
		{819E8AD9-680A-457B-B8F3-3E05FFEC1766}.Release|x86.ActiveCfg = Release|Win32
		{819E8AD9-680A-457B-B8F3-3E05FFEC1766}.Release|x86.Build.0 = Release|Win32
		{5C60C362-6BA9-433A-8DDC-26374AE25AA8}.Debug|x64.ActiveCfg = Debug|x64
		{5C60C362-6BA9-433A-8DDC-26374AE25AA8}.Debug|x64.Build.0 = Debug|x64
		{5C60C362-6BA9-433A-8DDC-26374AE25AA8}.Debug|x86.ActiveCfg = Debug|Win32
		{5C60C362-6BA9-433A-8DDC-26374AE25AA8}.Debug|x86.Build.0 = Debug|Win32
		{5C60C362-6BA9-433A-8DDC-26374AE25AA8}.Release|x64.ActiveCfg = Release|x64
		{5C60C362-6BA9-433A-8DDC-26374AE25AA8}.Release|x64.Build.0 = Release|x64
		{5C60C362-6BA9-433A-8DDC-26374AE25AA8}.Release|x86.ActiveCfg = Release|Win32
		{5C60C362-6BA9-433A-8DDC-26374AE25AA8}.Release|x86.Build.0 = Release|Win32
	EndGlobalSection
	GlobalSection(SolutionProperties) = preSolution
		HideSolutionNode = FALSE
	EndGlobalSection
	GlobalSection(ExtensibilityGlobals) = postSolution
		SolutionGuid = {EF8C24C0-6613-41D4-AEFE-235618691EEA}
	EndGlobalSection
EndGlobal
