
Microsoft Visual Studio Solution File, Format Version 12.00
# Visual Studio 15
VisualStudioVersion = 15.0.28307.960
MinimumVisualStudioVersion = 10.0.40219.1
Project("{8BC9CEB8-8B4A-11D0-8D11-00A0C91BC942}") = "GLESv2-JOGL", "GLESv2-JOGL.vcxproj", "{819E8AD9-680A-457B-B8F3-3E05FFEC1766}"
EndProject
Global
	GlobalSection(SolutionConfigurationPlatforms) = preSolution
		Debug|x64 = Debug|x64
		Debug|x86 = Debug|x86
		Release|x64 = Release|x64
		Release|x86 = Release|x86
	EndGlobalSection
	GlobalSection(ProjectConfigurationPlatforms) = postSolution
		{819E8AD9-680A-457B-B8F3-3E05FFEC1766}.Debug|x64.ActiveCfg = Debug|x64
		{819E8AD9-680A-457B-B8F3-3E05FFEC1766}.Debug|x64.Build.0 = Debug|x64
		{819E8AD9-680A-457B-B8F3-3E05FFEC1766}.Debug|x86.ActiveCfg = Debug|Win32
		{819E8AD9-680A-457B-B8F3-3E05FFEC1766}.Debug|x86.Build.0 = Debug|Win32
		{819E8AD9-680A-457B-B8F3-3E05FFEC1766}.Release|x64.ActiveCfg = Release|x64
		{819E8AD9-680A-457B-B8F3-3E05FFEC1766}.Release|x64.Build.0 = Release|x64
		{819E8AD9-680A-457B-B8F3-3E05FFEC1766}.Release|x86.ActiveCfg = Release|Win32
		{819E8AD9-680A-457B-B8F3-3E05FFEC1766}.Release|x86.Build.0 = Release|Win32
	EndGlobalSection
	GlobalSection(SolutionProperties) = preSolution
		HideSolutionNode = FALSE
	EndGlobalSection
	GlobalSection(ExtensibilityGlobals) = postSolution
		SolutionGuid = {AA881E8A-9974-4930-B77A-ABCBF6CC78AB}
	EndGlobalSection
EndGlobal
