
Microsoft Visual Studio Solution File, Format Version 12.00
# Visual Studio 15
VisualStudioVersion = 15.0.28307.960
MinimumVisualStudioVersion = 10.0.40219.1
Project("{8BC9CEB8-8B4A-11D0-8D11-00A0C91BC942}") = "GLESv2-stub", "GLESv2-stub.vcxproj", "{5C60C362-6BA9-433A-8DDC-26374AE25AA8}"
EndProject
Global
	GlobalSection(SolutionConfigurationPlatforms) = preSolution
		Debug|x64 = Debug|x64
		Debug|x86 = Debug|x86
		Release|x64 = Release|x64
		Release|x86 = Release|x86
	EndGlobalSection
	GlobalSection(ProjectConfigurationPlatforms) = postSolution
		{5C60C362-6BA9-433A-8DDC-26374AE25AA8}.Debug|x64.ActiveCfg = Debug|x64
		{5C60C362-6BA9-433A-8DDC-26374AE25AA8}.Debug|x64.Build.0 = Debug|x64
		{5C60C362-6BA9-433A-8DDC-26374AE25AA8}.Debug|x86.ActiveCfg = Debug|Win32
		{5C60C362-6BA9-433A-8DDC-26374AE25AA8}.Debug|x86.Build.0 = Debug|Win32
		{5C60C362-6BA9-433A-8DDC-26374AE25AA8}.Release|x64.ActiveCfg = Release|x64
		{5C60C362-6BA9-433A-8DDC-26374AE25AA8}.Release|x64.Build.0 = Release|x64
		{5C60C362-6BA9-433A-8DDC-26374AE25AA8}.Release|x86.ActiveCfg = Release|Win32
		{5C60C362-6BA9-433A-8DDC-26374AE25AA8}.Release|x86.Build.0 = Release|Win32
	EndGlobalSection
	GlobalSection(SolutionProperties) = preSolution
		HideSolutionNode = FALSE
	EndGlobalSection
	GlobalSection(ExtensibilityGlobals) = postSolution
		SolutionGuid = {4CF55A93-3F42-4606-B55B-36F594FC01D5}
	EndGlobalSection
EndGlobal
